
Microsoft Visual Studio Solution File, Format Version 12.00
Project("{2150E333-8FDC-42A3-9474-1A3956D46DE8}") = "_", "_", "{109F6CE6-AF17-4963-8200-A7DEEF4A39DD}"
ProjectSection(SolutionItems) = preProject
	..\.gitattributes = ..\.gitattributes
	..\.gitignore = ..\.gitignore
	..\.nuke = ..\.nuke
	..\build.ps1 = ..\build.ps1
	..\build.sh = ..\build.sh
	..\CONTRIBUTING.md = ..\CONTRIBUTING.md
	..\GitVersion.yml = ..\GitVersion.yml
	..\LICENSE.txt = ..\LICENSE.txt
	..\readme.md = ..\readme.md
EndProjectSection
EndProject
Project("{2150E333-8FDC-42A3-9474-1A3956D46DE8}") = "build", "build", "{6292DEF5-E6B1-4590-B882-C6C616E66E52}"
ProjectSection(SolutionItems) = preProject
	..\build\.editorconfig = ..\build\.editorconfig
	..\build\_build.csproj = ..\build\_build.csproj
	..\build\_build.csproj.DotSettings = ..\build\_build.csproj.DotSettings
	..\build\Build.cs = ..\build\Build.cs
EndProjectSection
EndProject
Project("{2150E333-8FDC-42A3-9474-1A3956D46DE8}") = ".github", ".github", "{F2E52E31-40D3-4D04-964B-10EB9432BA47}"
ProjectSection(SolutionItems) = preProject
	..\.github\dependabot.yml = ..\.github\dependabot.yml
EndProjectSection
EndProject
Project("{2150E333-8FDC-42A3-9474-1A3956D46DE8}") = "source", "source", "{5C62AF9D-0E68-4FB1-9E90-738D9724F666}"
ProjectSection(SolutionItems) = preProject
	Octopus.Process.sln.DotSettings = Octopus.Process.sln.DotSettings
EndProjectSection
EndProject
Project("{FAE04EC0-301F-11D3-BF4B-00C04F79EFBC}") = "SilentProcessRunner", "SilentProcessRunner\SilentProcessRunner.csproj", "{0910DAE8-7826-4567-96BF-D3DB6196AA2A}"
EndProject
Project("{FAE04EC0-301F-11D3-BF4B-00C04F79EFBC}") = "Tests", "Tests\Tests.csproj", "{B9A1B461-6A07-44CA-A5D8-0E08CBF0F95D}"
EndProject
Global
	GlobalSection(SolutionConfigurationPlatforms) = preSolution
		Debug|Any CPU = Debug|Any CPU
		Release|Any CPU = Release|Any CPU
	EndGlobalSection
	GlobalSection(ProjectConfigurationPlatforms) = postSolution
		{0910DAE8-7826-4567-96BF-D3DB6196AA2A}.Debug|Any CPU.ActiveCfg = Debug|Any CPU
		{0910DAE8-7826-4567-96BF-D3DB6196AA2A}.Debug|Any CPU.Build.0 = Debug|Any CPU
		{0910DAE8-7826-4567-96BF-D3DB6196AA2A}.Release|Any CPU.ActiveCfg = Release|Any CPU
		{0910DAE8-7826-4567-96BF-D3DB6196AA2A}.Release|Any CPU.Build.0 = Release|Any CPU
		{B9A1B461-6A07-44CA-A5D8-0E08CBF0F95D}.Debug|Any CPU.ActiveCfg = Debug|Any CPU
		{B9A1B461-6A07-44CA-A5D8-0E08CBF0F95D}.Debug|Any CPU.Build.0 = Debug|Any CPU
		{B9A1B461-6A07-44CA-A5D8-0E08CBF0F95D}.Release|Any CPU.ActiveCfg = Release|Any CPU
		{B9A1B461-6A07-44CA-A5D8-0E08CBF0F95D}.Release|Any CPU.Build.0 = Release|Any CPU
	EndGlobalSection
EndGlobal
